// !$*UTF8*$!
{
	archiveVersion = 1;
	classes = {
	};
	objectVersion = 55;
	objects = {

/* Begin PBXBuildFile section */
		A922119928156D6300AD3D5E /* Noty.xcdatamodeld in Sources */ = {isa = PBXBuildFile; fileRef = A922119728156D6300AD3D5E /* Noty.xcdatamodeld */; };
		A922119B28157CE100AD3D5E /* TaskList.swift in Sources */ = {isa = PBXBuildFile; fileRef = A922119A28157CE100AD3D5E /* TaskList.swift */; };
		A998DEA22813AC08002C9A10 /* DataController.swift in Sources */ = {isa = PBXBuildFile; fileRef = A998DEA12813AC08002C9A10 /* DataController.swift */; };
		A998DEA62813C59B002C9A10 /* NewTask.swift in Sources */ = {isa = PBXBuildFile; fileRef = A998DEA52813C59B002C9A10 /* NewTask.swift */; };
		A998DEAC28141DAE002C9A10 /* hasLaunchedBefore.swift in Sources */ = {isa = PBXBuildFile; fileRef = A998DEAB28141DAE002C9A10 /* hasLaunchedBefore.swift */; };
		A9EFC52228119B4000078CAB /* TaskExpanded.swift in Sources */ = {isa = PBXBuildFile; fileRef = A9EFC52128119B4000078CAB /* TaskExpanded.swift */; };
		A9F93F4C28110D6E0055472F /* NYIllustration.swift in Sources */ = {isa = PBXBuildFile; fileRef = A9F93F4B28110D6E0055472F /* NYIllustration.swift */; };
		A9F93F4F28110F000055472F /* GetStarted.swift in Sources */ = {isa = PBXBuildFile; fileRef = A9F93F4E28110F000055472F /* GetStarted.swift */; };
		A9F93F5128116F910055472F /* Features.swift in Sources */ = {isa = PBXBuildFile; fileRef = A9F93F5028116F910055472F /* Features.swift */; };
		A9F93F53281170770055472F /* NYFeatureBrief.swift in Sources */ = {isa = PBXBuildFile; fileRef = A9F93F52281170770055472F /* NYFeatureBrief.swift */; };
		A9F93F5528117A730055472F /* Dashboard.swift in Sources */ = {isa = PBXBuildFile; fileRef = A9F93F5428117A730055472F /* Dashboard.swift */; };
		A9F93F57281185040055472F /* NYTask.swift in Sources */ = {isa = PBXBuildFile; fileRef = A9F93F56281185040055472F /* NYTask.swift */; };
		A9F93F59281185B20055472F /* NYTaskStatus.swift in Sources */ = {isa = PBXBuildFile; fileRef = A9F93F58281185B20055472F /* NYTaskStatus.swift */; };
		A9F985782810479200373406 /* NotyApp.swift in Sources */ = {isa = PBXBuildFile; fileRef = A9F985772810479200373406 /* NotyApp.swift */; };
		A9F9857A2810479200373406 /* ContentView.swift in Sources */ = {isa = PBXBuildFile; fileRef = A9F985792810479200373406 /* ContentView.swift */; };
		A9F9857C2810479300373406 /* Assets.xcassets in Resources */ = {isa = PBXBuildFile; fileRef = A9F9857B2810479300373406 /* Assets.xcassets */; };
		A9F9857F2810479300373406 /* Preview Assets.xcassets in Resources */ = {isa = PBXBuildFile; fileRef = A9F9857E2810479300373406 /* Preview Assets.xcassets */; };
		A9F9858B28104BD700373406 /* NYButton.swift in Sources */ = {isa = PBXBuildFile; fileRef = A9F9858A28104BD700373406 /* NYButton.swift */; };
		A9F9858E28104DF200373406 /* Theme.swift in Sources */ = {isa = PBXBuildFile; fileRef = A9F9858D28104DF200373406 /* Theme.swift */; };
		A9F985902810511500373406 /* NYText.swift in Sources */ = {isa = PBXBuildFile; fileRef = A9F9858F2810511500373406 /* NYText.swift */; };
		A9F98592281052DA00373406 /* NYPalette.swift in Sources */ = {isa = PBXBuildFile; fileRef = A9F98591281052DA00373406 /* NYPalette.swift */; };
		A9F985942810687500373406 /* NYIcon.swift in Sources */ = {isa = PBXBuildFile; fileRef = A9F985932810687500373406 /* NYIcon.swift */; };
/* End PBXBuildFile section */

/* Begin PBXFileReference section */
		A922119828156D6300AD3D5E /* Noty.xcdatamodel */ = {isa = PBXFileReference; lastKnownFileType = wrapper.xcdatamodel; path = Noty.xcdatamodel; sourceTree = "<group>"; };
		A922119A28157CE100AD3D5E /* TaskList.swift */ = {isa = PBXFileReference; lastKnownFileType = sourcecode.swift; path = TaskList.swift; sourceTree = "<group>"; };
		A998DEA12813AC08002C9A10 /* DataController.swift */ = {isa = PBXFileReference; lastKnownFileType = sourcecode.swift; path = DataController.swift; sourceTree = "<group>"; };
		A998DEA52813C59B002C9A10 /* NewTask.swift */ = {isa = PBXFileReference; lastKnownFileType = sourcecode.swift; path = NewTask.swift; sourceTree = "<group>"; };
		A998DEAB28141DAE002C9A10 /* hasLaunchedBefore.swift */ = {isa = PBXFileReference; lastKnownFileType = sourcecode.swift; path = hasLaunchedBefore.swift; sourceTree = "<group>"; };
		A9EFC52128119B4000078CAB /* TaskExpanded.swift */ = {isa = PBXFileReference; lastKnownFileType = sourcecode.swift; path = TaskExpanded.swift; sourceTree = "<group>"; };
		A9F93F4B28110D6E0055472F /* NYIllustration.swift */ = {isa = PBXFileReference; lastKnownFileType = sourcecode.swift; path = NYIllustration.swift; sourceTree = "<group>"; };
		A9F93F4E28110F000055472F /* GetStarted.swift */ = {isa = PBXFileReference; lastKnownFileType = sourcecode.swift; path = GetStarted.swift; sourceTree = "<group>"; };
		A9F93F5028116F910055472F /* Features.swift */ = {isa = PBXFileReference; lastKnownFileType = sourcecode.swift; path = Features.swift; sourceTree = "<group>"; };
		A9F93F52281170770055472F /* NYFeatureBrief.swift */ = {isa = PBXFileReference; lastKnownFileType = sourcecode.swift; path = NYFeatureBrief.swift; sourceTree = "<group>"; };
		A9F93F5428117A730055472F /* Dashboard.swift */ = {isa = PBXFileReference; lastKnownFileType = sourcecode.swift; path = Dashboard.swift; sourceTree = "<group>"; };
		A9F93F56281185040055472F /* NYTask.swift */ = {isa = PBXFileReference; lastKnownFileType = sourcecode.swift; path = NYTask.swift; sourceTree = "<group>"; };
		A9F93F58281185B20055472F /* NYTaskStatus.swift */ = {isa = PBXFileReference; lastKnownFileType = sourcecode.swift; path = NYTaskStatus.swift; sourceTree = "<group>"; };
		A9F985742810479200373406 /* Noty.app */ = {isa = PBXFileReference; explicitFileType = wrapper.application; includeInIndex = 0; path = Noty.app; sourceTree = BUILT_PRODUCTS_DIR; };
		A9F985772810479200373406 /* NotyApp.swift */ = {isa = PBXFileReference; lastKnownFileType = sourcecode.swift; path = NotyApp.swift; sourceTree = "<group>"; };
		A9F985792810479200373406 /* ContentView.swift */ = {isa = PBXFileReference; lastKnownFileType = sourcecode.swift; path = ContentView.swift; sourceTree = "<group>"; };
		A9F9857B2810479300373406 /* Assets.xcassets */ = {isa = PBXFileReference; lastKnownFileType = folder.assetcatalog; path = Assets.xcassets; sourceTree = "<group>"; };
		A9F9857E2810479300373406 /* Preview Assets.xcassets */ = {isa = PBXFileReference; lastKnownFileType = folder.assetcatalog; path = "Preview Assets.xcassets"; sourceTree = "<group>"; };
		A9F9858A28104BD700373406 /* NYButton.swift */ = {isa = PBXFileReference; lastKnownFileType = sourcecode.swift; path = NYButton.swift; sourceTree = "<group>"; };
		A9F9858D28104DF200373406 /* Theme.swift */ = {isa = PBXFileReference; lastKnownFileType = sourcecode.swift; path = Theme.swift; sourceTree = "<group>"; };
		A9F9858F2810511500373406 /* NYText.swift */ = {isa = PBXFileReference; lastKnownFileType = sourcecode.swift; path = NYText.swift; sourceTree = "<group>"; };
		A9F98591281052DA00373406 /* NYPalette.swift */ = {isa = PBXFileReference; lastKnownFileType = sourcecode.swift; path = NYPalette.swift; sourceTree = "<group>"; };
		A9F985932810687500373406 /* NYIcon.swift */ = {isa = PBXFileReference; lastKnownFileType = sourcecode.swift; path = NYIcon.swift; sourceTree = "<group>"; };
/* End PBXFileReference section */

/* Begin PBXFrameworksBuildPhase section */
		A9F985712810479200373406 /* Frameworks */ = {
			isa = PBXFrameworksBuildPhase;
			buildActionMask = 2147483647;
			files = (
			);
			runOnlyForDeploymentPostprocessing = 0;
		};
/* End PBXFrameworksBuildPhase section */

/* Begin PBXGroup section */
		A998DEAA28141D93002C9A10 /* Utils */ = {
			isa = PBXGroup;
			children = (
				A998DEAB28141DAE002C9A10 /* hasLaunchedBefore.swift */,
			);
			path = Utils;
			sourceTree = "<group>";
		};
		A9F93F4D28110EF20055472F /* Views */ = {
			isa = PBXGroup;
			children = (
				A9F93F4E28110F000055472F /* GetStarted.swift */,
				A9F93F5028116F910055472F /* Features.swift */,
				A9F93F5428117A730055472F /* Dashboard.swift */,
				A9EFC52128119B4000078CAB /* TaskExpanded.swift */,
				A998DEA52813C59B002C9A10 /* NewTask.swift */,
				A922119A28157CE100AD3D5E /* TaskList.swift */,
			);
			path = Views;
			sourceTree = "<group>";
		};
		A9F9856B2810479200373406 = {
			isa = PBXGroup;
			children = (
				A9F985762810479200373406 /* Sources */,
				A9F985752810479200373406 /* Products */,
			);
			sourceTree = "<group>";
		};
		A9F985752810479200373406 /* Products */ = {
			isa = PBXGroup;
			children = (
				A9F985742810479200373406 /* Noty.app */,
			);
			name = Products;
			sourceTree = "<group>";
		};
		A9F985762810479200373406 /* Sources */ = {
			isa = PBXGroup;
			children = (
				A998DEAA28141D93002C9A10 /* Utils */,
				A9F93F4D28110EF20055472F /* Views */,
				A9F9858C28104DE400373406 /* Kinds */,
				A9F985772810479200373406 /* NotyApp.swift */,
				A9F985792810479200373406 /* ContentView.swift */,
				A9F985852810481A00373406 /* Components */,
				A9F9857B2810479300373406 /* Assets.xcassets */,
				A9F9857D2810479300373406 /* Preview Content */,
				A998DEA12813AC08002C9A10 /* DataController.swift */,
				A922119728156D6300AD3D5E /* Noty.xcdatamodeld */,
			);
			path = Sources;
			sourceTree = "<group>";
		};
		A9F9857D2810479300373406 /* Preview Content */ = {
			isa = PBXGroup;
			children = (
				A9F9857E2810479300373406 /* Preview Assets.xcassets */,
			);
			path = "Preview Content";
			sourceTree = "<group>";
		};
		A9F985852810481A00373406 /* Components */ = {
			isa = PBXGroup;
			children = (
				A9F9858A28104BD700373406 /* NYButton.swift */,
				A9F9858F2810511500373406 /* NYText.swift */,
				A9F98591281052DA00373406 /* NYPalette.swift */,
				A9F985932810687500373406 /* NYIcon.swift */,
				A9F93F4B28110D6E0055472F /* NYIllustration.swift */,
				A9F93F52281170770055472F /* NYFeatureBrief.swift */,
				A9F93F56281185040055472F /* NYTask.swift */,
				A9F93F58281185B20055472F /* NYTaskStatus.swift */,
			);
			path = Components;
			sourceTree = "<group>";
		};
		A9F9858C28104DE400373406 /* Kinds */ = {
			isa = PBXGroup;
			children = (
				A9F9858D28104DF200373406 /* Theme.swift */,
			);
			path = Kinds;
			sourceTree = "<group>";
		};
/* End PBXGroup section */

/* Begin PBXNativeTarget section */
		A9F985732810479200373406 /* Noty */ = {
			isa = PBXNativeTarget;
			buildConfigurationList = A9F985822810479300373406 /* Build configuration list for PBXNativeTarget "Noty" */;
			buildPhases = (
				A9F985702810479200373406 /* Sources */,
				A9F985712810479200373406 /* Frameworks */,
				A9F985722810479200373406 /* Resources */,
			);
			buildRules = (
			);
			dependencies = (
			);
			name = Noty;
			productName = Noty;
			productReference = A9F985742810479200373406 /* Noty.app */;
			productType = "com.apple.product-type.application";
		};
/* End PBXNativeTarget section */

/* Begin PBXProject section */
		A9F9856C2810479200373406 /* Project object */ = {
			isa = PBXProject;
			attributes = {
				BuildIndependentTargetsInParallel = 1;
				LastSwiftUpdateCheck = 1330;
				LastUpgradeCheck = 1330;
				TargetAttributes = {
					A9F985732810479200373406 = {
						CreatedOnToolsVersion = 13.3;
					};
				};
			};
			buildConfigurationList = A9F9856F2810479200373406 /* Build configuration list for PBXProject "Noty" */;
			compatibilityVersion = "Xcode 13.0";
			developmentRegion = en;
			hasScannedForEncodings = 0;
			knownRegions = (
				en,
				Base,
			);
			mainGroup = A9F9856B2810479200373406;
			productRefGroup = A9F985752810479200373406 /* Products */;
			projectDirPath = "";
			projectRoot = "";
			targets = (
				A9F985732810479200373406 /* Noty */,
			);
		};
/* End PBXProject section */

/* Begin PBXResourcesBuildPhase section */
		A9F985722810479200373406 /* Resources */ = {
			isa = PBXResourcesBuildPhase;
			buildActionMask = 2147483647;
			files = (
				A9F9857F2810479300373406 /* Preview Assets.xcassets in Resources */,
				A9F9857C2810479300373406 /* Assets.xcassets in Resources */,
			);
			runOnlyForDeploymentPostprocessing = 0;
		};
/* End PBXResourcesBuildPhase section */

/* Begin PBXSourcesBuildPhase section */
		A9F985702810479200373406 /* Sources */ = {
			isa = PBXSourcesBuildPhase;
			buildActionMask = 2147483647;
			files = (
				A9F9857A2810479200373406 /* ContentView.swift in Sources */,
				A9F93F57281185040055472F /* NYTask.swift in Sources */,
				A9F93F5528117A730055472F /* Dashboard.swift in Sources */,
				A9F93F53281170770055472F /* NYFeatureBrief.swift in Sources */,
				A9F985902810511500373406 /* NYText.swift in Sources */,
				A9F9858E28104DF200373406 /* Theme.swift in Sources */,
				A998DEA22813AC08002C9A10 /* DataController.swift in Sources */,
				A9F9858B28104BD700373406 /* NYButton.swift in Sources */,
				A9F93F4F28110F000055472F /* GetStarted.swift in Sources */,
				A9F985942810687500373406 /* NYIcon.swift in Sources */,
				A9EFC52228119B4000078CAB /* TaskExpanded.swift in Sources */,
				A9F985782810479200373406 /* NotyApp.swift in Sources */,
				A9F98592281052DA00373406 /* NYPalette.swift in Sources */,
				A9F93F59281185B20055472F /* NYTaskStatus.swift in Sources */,
				A998DEA62813C59B002C9A10 /* NewTask.swift in Sources */,
				A922119B28157CE100AD3D5E /* TaskList.swift in Sources */,
				A9F93F4C28110D6E0055472F /* NYIllustration.swift in Sources */,
				A922119928156D6300AD3D5E /* Noty.xcdatamodeld in Sources */,
				A9F93F5128116F910055472F /* Features.swift in Sources */,
				A998DEAC28141DAE002C9A10 /* hasLaunchedBefore.swift in Sources */,
			);
			runOnlyForDeploymentPostprocessing = 0;
		};
/* End PBXSourcesBuildPhase section */

/* Begin XCBuildConfiguration section */
		A9F985802810479300373406 /* Debug */ = {
			isa = XCBuildConfiguration;
			buildSettings = {
				ALWAYS_SEARCH_USER_PATHS = NO;
				CLANG_ANALYZER_NONNULL = YES;
				CLANG_ANALYZER_NUMBER_OBJECT_CONVERSION = YES_AGGRESSIVE;
				CLANG_CXX_LANGUAGE_STANDARD = "gnu++17";
				CLANG_ENABLE_MODULES = YES;
				CLANG_ENABLE_OBJC_ARC = YES;
				CLANG_ENABLE_OBJC_WEAK = YES;
				CLANG_WARN_BLOCK_CAPTURE_AUTORELEASING = YES;
				CLANG_WARN_BOOL_CONVERSION = YES;
				CLANG_WARN_COMMA = YES;
				CLANG_WARN_CONSTANT_CONVERSION = YES;
				CLANG_WARN_DEPRECATED_OBJC_IMPLEMENTATIONS = YES;
				CLANG_WARN_DIRECT_OBJC_ISA_USAGE = YES_ERROR;
				CLANG_WARN_DOCUMENTATION_COMMENTS = YES;
				CLANG_WARN_EMPTY_BODY = YES;
				CLANG_WARN_ENUM_CONVERSION = YES;
				CLANG_WARN_INFINITE_RECURSION = YES;
				CLANG_WARN_INT_CONVERSION = YES;
				CLANG_WARN_NON_LITERAL_NULL_CONVERSION = YES;
				CLANG_WARN_OBJC_IMPLICIT_RETAIN_SELF = YES;
				CLANG_WARN_OBJC_LITERAL_CONVERSION = YES;
				CLANG_WARN_OBJC_ROOT_CLASS = YES_ERROR;
				CLANG_WARN_QUOTED_INCLUDE_IN_FRAMEWORK_HEADER = YES;
				CLANG_WARN_RANGE_LOOP_ANALYSIS = YES;
				CLANG_WARN_STRICT_PROTOTYPES = YES;
				CLANG_WARN_SUSPICIOUS_MOVE = YES;
				CLANG_WARN_UNGUARDED_AVAILABILITY = YES_AGGRESSIVE;
				CLANG_WARN_UNREACHABLE_CODE = YES;
				CLANG_WARN__DUPLICATE_METHOD_MATCH = YES;
				COPY_PHASE_STRIP = NO;
				DEBUG_INFORMATION_FORMAT = dwarf;
				ENABLE_STRICT_OBJC_MSGSEND = YES;
				ENABLE_TESTABILITY = YES;
				GCC_C_LANGUAGE_STANDARD = gnu11;
				GCC_DYNAMIC_NO_PIC = NO;
				GCC_NO_COMMON_BLOCKS = YES;
				GCC_OPTIMIZATION_LEVEL = 0;
				GCC_PREPROCESSOR_DEFINITIONS = (
					"DEBUG=1",
					"$(inherited)",
				);
				GCC_WARN_64_TO_32_BIT_CONVERSION = YES;
				GCC_WARN_ABOUT_RETURN_TYPE = YES_ERROR;
				GCC_WARN_UNDECLARED_SELECTOR = YES;
				GCC_WARN_UNINITIALIZED_AUTOS = YES_AGGRESSIVE;
				GCC_WARN_UNUSED_FUNCTION = YES;
				GCC_WARN_UNUSED_VARIABLE = YES;
				INFOPLIST_KEY_UIUserInterfaceStyle = Light;
				IPHONEOS_DEPLOYMENT_TARGET = 15.4;
				MTL_ENABLE_DEBUG_INFO = INCLUDE_SOURCE;
				MTL_FAST_MATH = YES;
				ONLY_ACTIVE_ARCH = YES;
				SDKROOT = iphoneos;
				SWIFT_ACTIVE_COMPILATION_CONDITIONS = DEBUG;
				SWIFT_OPTIMIZATION_LEVEL = "-Onone";
			};
			name = Debug;
		};
		A9F985812810479300373406 /* Release */ = {
			isa = XCBuildConfiguration;
			buildSettings = {
				ALWAYS_SEARCH_USER_PATHS = NO;
				CLANG_ANALYZER_NONNULL = YES;
				CLANG_ANALYZER_NUMBER_OBJECT_CONVERSION = YES_AGGRESSIVE;
				CLANG_CXX_LANGUAGE_STANDARD = "gnu++17";
				CLANG_ENABLE_MODULES = YES;
				CLANG_ENABLE_OBJC_ARC = YES;
				CLANG_ENABLE_OBJC_WEAK = YES;
				CLANG_WARN_BLOCK_CAPTURE_AUTORELEASING = YES;
				CLANG_WARN_BOOL_CONVERSION = YES;
				CLANG_WARN_COMMA = YES;
				CLANG_WARN_CONSTANT_CONVERSION = YES;
				CLANG_WARN_DEPRECATED_OBJC_IMPLEMENTATIONS = YES;
				CLANG_WARN_DIRECT_OBJC_ISA_USAGE = YES_ERROR;
				CLANG_WARN_DOCUMENTATION_COMMENTS = YES;
				CLANG_WARN_EMPTY_BODY = YES;
				CLANG_WARN_ENUM_CONVERSION = YES;
				CLANG_WARN_INFINITE_RECURSION = YES;
				CLANG_WARN_INT_CONVERSION = YES;
				CLANG_WARN_NON_LITERAL_NULL_CONVERSION = YES;
				CLANG_WARN_OBJC_IMPLICIT_RETAIN_SELF = YES;
				CLANG_WARN_OBJC_LITERAL_CONVERSION = YES;
				CLANG_WARN_OBJC_ROOT_CLASS = YES_ERROR;
				CLANG_WARN_QUOTED_INCLUDE_IN_FRAMEWORK_HEADER = YES;
				CLANG_WARN_RANGE_LOOP_ANALYSIS = YES;
				CLANG_WARN_STRICT_PROTOTYPES = YES;
				CLANG_WARN_SUSPICIOUS_MOVE = YES;
				CLANG_WARN_UNGUARDED_AVAILABILITY = YES_AGGRESSIVE;
				CLANG_WARN_UNREACHABLE_CODE = YES;
				CLANG_WARN__DUPLICATE_METHOD_MATCH = YES;
				COPY_PHASE_STRIP = NO;
				DEBUG_INFORMATION_FORMAT = "dwarf-with-dsym";
				ENABLE_NS_ASSERTIONS = NO;
				ENABLE_STRICT_OBJC_MSGSEND = YES;
				GCC_C_LANGUAGE_STANDARD = gnu11;
				GCC_NO_COMMON_BLOCKS = YES;
				GCC_WARN_64_TO_32_BIT_CONVERSION = YES;
				GCC_WARN_ABOUT_RETURN_TYPE = YES_ERROR;
				GCC_WARN_UNDECLARED_SELECTOR = YES;
				GCC_WARN_UNINITIALIZED_AUTOS = YES_AGGRESSIVE;
				GCC_WARN_UNUSED_FUNCTION = YES;
				GCC_WARN_UNUSED_VARIABLE = YES;
				INFOPLIST_KEY_UIUserInterfaceStyle = Light;
				IPHONEOS_DEPLOYMENT_TARGET = 15.4;
				MTL_ENABLE_DEBUG_INFO = NO;
				MTL_FAST_MATH = YES;
				SDKROOT = iphoneos;
				SWIFT_COMPILATION_MODE = wholemodule;
				SWIFT_OPTIMIZATION_LEVEL = "-O";
				VALIDATE_PRODUCT = YES;
			};
			name = Release;
		};
		A9F985832810479300373406 /* Debug */ = {
			isa = XCBuildConfiguration;
			buildSettings = {
				ASSETCATALOG_COMPILER_APPICON_NAME = AppIcon;
				ASSETCATALOG_COMPILER_GLOBAL_ACCENT_COLOR_NAME = AccentColor;
				CODE_SIGN_STYLE = Automatic;
				CURRENT_PROJECT_VERSION = 1;
				DEVELOPMENT_ASSET_PATHS = "\"Sources/Preview Content\"";
				DEVELOPMENT_TEAM = UJZ5V39UH6;
				ENABLE_PREVIEWS = YES;
				GENERATE_INFOPLIST_FILE = YES;
				INFOPLIST_KEY_UIApplicationSceneManifest_Generation = YES;
				INFOPLIST_KEY_UIApplicationSupportsIndirectInputEvents = YES;
				INFOPLIST_KEY_UILaunchScreen_Generation = YES;
				INFOPLIST_KEY_UISupportedInterfaceOrientations_iPad = "UIInterfaceOrientationPortrait UIInterfaceOrientationPortraitUpsideDown UIInterfaceOrientationLandscapeLeft UIInterfaceOrientationLandscapeRight";
				INFOPLIST_KEY_UISupportedInterfaceOrientations_iPhone = "UIInterfaceOrientationPortrait UIInterfaceOrientationLandscapeLeft UIInterfaceOrientationLandscapeRight";
				LD_RUNPATH_SEARCH_PATHS = (
					"$(inherited)",
					"@executable_path/Frameworks",
				);
				MARKETING_VERSION = 1.0;
				PRODUCT_BUNDLE_IDENTIFIER = com.example.Noty;
				PRODUCT_NAME = "$(TARGET_NAME)";
				SWIFT_EMIT_LOC_STRINGS = YES;
				SWIFT_VERSION = 5.0;
				TARGETED_DEVICE_FAMILY = "1,2";
			};
			name = Debug;
		};
		A9F985842810479300373406 /* Release */ = {
			isa = XCBuildConfiguration;
			buildSettings = {
				ASSETCATALOG_COMPILER_APPICON_NAME = AppIcon;
				ASSETCATALOG_COMPILER_GLOBAL_ACCENT_COLOR_NAME = AccentColor;
				CODE_SIGN_STYLE = Automatic;
				CURRENT_PROJECT_VERSION = 1;
				DEVELOPMENT_ASSET_PATHS = "\"Sources/Preview Content\"";
				DEVELOPMENT_TEAM = UJZ5V39UH6;
				ENABLE_PREVIEWS = YES;
				GENERATE_INFOPLIST_FILE = YES;
				INFOPLIST_KEY_UIApplicationSceneManifest_Generation = YES;
				INFOPLIST_KEY_UIApplicationSupportsIndirectInputEvents = YES;
				INFOPLIST_KEY_UILaunchScreen_Generation = YES;
				INFOPLIST_KEY_UISupportedInterfaceOrientations_iPad = "UIInterfaceOrientationPortrait UIInterfaceOrientationPortraitUpsideDown UIInterfaceOrientationLandscapeLeft UIInterfaceOrientationLandscapeRight";
				INFOPLIST_KEY_UISupportedInterfaceOrientations_iPhone = "UIInterfaceOrientationPortrait UIInterfaceOrientationLandscapeLeft UIInterfaceOrientationLandscapeRight";
				LD_RUNPATH_SEARCH_PATHS = (
					"$(inherited)",
					"@executable_path/Frameworks",
				);
				MARKETING_VERSION = 1.0;
				PRODUCT_BUNDLE_IDENTIFIER = com.example.Noty;
				PRODUCT_NAME = "$(TARGET_NAME)";
				SWIFT_EMIT_LOC_STRINGS = YES;
				SWIFT_VERSION = 5.0;
				TARGETED_DEVICE_FAMILY = "1,2";
			};
			name = Release;
		};
/* End XCBuildConfiguration section */

/* Begin XCConfigurationList section */
		A9F9856F2810479200373406 /* Build configuration list for PBXProject "Noty" */ = {
			isa = XCConfigurationList;
			buildConfigurations = (
				A9F985802810479300373406 /* Debug */,
				A9F985812810479300373406 /* Release */,
			);
			defaultConfigurationIsVisible = 0;
			defaultConfigurationName = Release;
		};
		A9F985822810479300373406 /* Build configuration list for PBXNativeTarget "Noty" */ = {
			isa = XCConfigurationList;
			buildConfigurations = (
				A9F985832810479300373406 /* Debug */,
				A9F985842810479300373406 /* Release */,
			);
			defaultConfigurationIsVisible = 0;
			defaultConfigurationName = Release;
		};
/* End XCConfigurationList section */

/* Begin XCVersionGroup section */
		A922119728156D6300AD3D5E /* Noty.xcdatamodeld */ = {
			isa = XCVersionGroup;
			children = (
				A922119828156D6300AD3D5E /* Noty.xcdatamodel */,
			);
			currentVersion = A922119828156D6300AD3D5E /* Noty.xcdatamodel */;
			path = Noty.xcdatamodeld;
			sourceTree = "<group>";
			versionGroupType = wrapper.xcdatamodel;
		};
/* End XCVersionGroup section */
	};
	rootObject = A9F9856C2810479200373406 /* Project object */;
}
